
Microsoft Visual Studio Solution File, Format Version 12.00
# Visual Studio Version 16
VisualStudioVersion = 16.0.30804.86
MinimumVisualStudioVersion = 10.0.40219.1
Project("{9A19103F-16F7-4668-BE54-9A1E7A4F7556}") = "GitHubUserSearch", "GitHubUserSearch\GitHubUserSearch.csproj", "{F0E50963-E857-462A-9CF8-E311080F6D8D}"
EndProject
Project("{FAE04EC0-301F-11D3-BF4B-00C04F79EFBC}") = "GitHubUserSearchTests", "GitHubUserSearchTests\GitHubUserSearchTests.csproj", "{284B8C96-3107-4C74-9E01-A235FAE07E16}"
EndProject
Global
	GlobalSection(SolutionConfigurationPlatforms) = preSolution
		Debug|Any CPU = Debug|Any CPU
		Release|Any CPU = Release|Any CPU
	EndGlobalSection
	GlobalSection(ProjectConfigurationPlatforms) = postSolution
		{F0E50963-E857-462A-9CF8-E311080F6D8D}.Debug|Any CPU.ActiveCfg = Debug|Any CPU
		{F0E50963-E857-462A-9CF8-E311080F6D8D}.Debug|Any CPU.Build.0 = Debug|Any CPU
		{F0E50963-E857-462A-9CF8-E311080F6D8D}.Release|Any CPU.ActiveCfg = Release|Any CPU
		{F0E50963-E857-462A-9CF8-E311080F6D8D}.Release|Any CPU.Build.0 = Release|Any CPU
		{284B8C96-3107-4C74-9E01-A235FAE07E16}.Debug|Any CPU.ActiveCfg = Debug|Any CPU
		{284B8C96-3107-4C74-9E01-A235FAE07E16}.Debug|Any CPU.Build.0 = Debug|Any CPU
		{284B8C96-3107-4C74-9E01-A235FAE07E16}.Release|Any CPU.ActiveCfg = Release|Any CPU
		{284B8C96-3107-4C74-9E01-A235FAE07E16}.Release|Any CPU.Build.0 = Release|Any CPU
	EndGlobalSection
	GlobalSection(SolutionProperties) = preSolution
		HideSolutionNode = FALSE
	EndGlobalSection
	GlobalSection(ExtensibilityGlobals) = postSolution
		SolutionGuid = {427A7015-8DD0-4EE2-9D15-470F5200C6F5}
	EndGlobalSection
EndGlobal
